{
  "name": "@bookshop/jekyll-engine",
  "version": "1.1.9",
  "lockfileVersion": 1,
  "requires": true,
  "dependencies": {
    "core-js": {
      "version": "3.6.5",
      "resolved": "https://registry.npmjs.org/core-js/-/core-js-3.6.5.tgz",
      "integrity": "sha512-vZVEEwZoIsI+vPEuoF9Iqf5H7/M3eeQqWlQnYa8FSKKePuYTf5MWnxb5SDAzCa60b3JBRS5g9b+Dq7b1y/RCrA==",
      "dev": true
    },
    "liquidjs": {
      "version": "9.15.0",
      "resolved": "https://registry.npmjs.org/liquidjs/-/liquidjs-9.15.0.tgz",
      "integrity": "sha512-wRPNfMx6X3GGEDqTlBpw7VMo8ylKkzLYTcd7eeaDeYnZyR5BqUgF9tZy3FdPCHV2N/BassGKmlmlpJiRXGFOqg=="
    },
    "slugify": {
      "version": "1.4.5",
      "resolved": "https://registry.npmjs.org/slugify/-/slugify-1.4.5.tgz",
      "integrity": "sha512-WpECLAgYaxHoEAJ8Q1Lo8HOs1ngn7LN7QjXgOLbmmfkcWvosyk4ZTXkTzKyhngK640USTZUlgoQJfED1kz5fnQ=="
    }
  }
}
