{
  "name": "cloudcannon-jekyll-bookshop",
  "lockfileVersion": 2,
  "requires": true,
  "packages": {
    "": {
      "dependencies": {
        "@bookshop/toml-narrator": "file:../../../javascript-modules/toml-narrator"
      }
    },
    "../../../javascript-modules/toml-narrator": {
      "version": "2.0.0-alpha.43",
      "license": "MIT",
      "devDependencies": {
        "jest": "^27.0.6"
      }
    },
    "node_modules/@bookshop/toml-narrator": {
      "resolved": "../../../javascript-modules/toml-narrator",
      "link": true
    }
  },
  "dependencies": {
    "@bookshop/toml-narrator": {
      "version": "file:../../../javascript-modules/toml-narrator",
      "requires": {
        "jest": "^27.0.6"
      }
    }
  }
}
