{
  "name": "cloudcannon-jekyll-bookshop",
  "lockfileVersion": 2,
  "requires": true,
  "packages": {
    "": {
      "dependencies": {
        "@bookshop/cloudcannon-structures": "file:../../../javascript-modules/cloudcannon-structures",
        "@bookshop/toml-narrator": "file:../../../javascript-modules/toml-narrator"
      }
    },
    "../../../javascript-modules/cloudcannon-structures": {
      "version": "2.0.0-alpha.43",
      "license": "MIT",
      "dependencies": {
        "pluralize": "^8.0.0"
      },
      "devDependencies": {
        "@bookshop/toml-narrator": "file:../toml-narrator",
        "@ltd/j-toml": "^1.12.2",
        "jest": "^27.0.6"
      }
    },
    "../../../javascript-modules/toml-narrator": {
      "name": "@bookshop/toml-narrator",
      "version": "2.0.0-alpha.43",
      "license": "MIT",
      "devDependencies": {
        "jest": "^27.0.6"
      }
    },
    "node_modules/@bookshop/cloudcannon-structures": {
      "resolved": "../../../javascript-modules/cloudcannon-structures",
      "link": true
    },
    "node_modules/@bookshop/toml-narrator": {
      "resolved": "../../../javascript-modules/toml-narrator",
      "link": true
    }
  },
  "dependencies": {
    "@bookshop/cloudcannon-structures": {
      "version": "file:../../../javascript-modules/cloudcannon-structures",
      "requires": {
        "@bookshop/toml-narrator": "file:../toml-narrator",
        "@ltd/j-toml": "^1.12.2",
        "jest": "^27.0.6",
        "pluralize": "^8.0.0"
      }
    },
    "@bookshop/toml-narrator": {
      "version": "file:../../../javascript-modules/toml-narrator",
      "requires": {
        "jest": "^27.0.6"
      }
    }
  }
}
